
Microsoft Visual Studio Solution File, Format Version 12.00
# Visual Studio Version 16
VisualStudioVersion = 16.0.30907.101
MinimumVisualStudioVersion = 10.0.40219.1
Project("{FAE04EC0-301F-11D3-BF4B-00C04F79EFBC}") = "24HrChallenge.WebAPI", "24HrChallenge.WebAPI\24HrChallenge.WebAPI.csproj", "{D3D1E939-BE0E-4C3B-89E5-F911112DC55D}"
EndProject
Project("{FAE04EC0-301F-11D3-BF4B-00C04F79EFBC}") = "24HrChallenge.Services", "24HrChallenge.Services\24HrChallenge.Services.csproj", "{42FC3F60-11EF-4EAE-8DE5-15246600CADD}"
EndProject
Project("{FAE04EC0-301F-11D3-BF4B-00C04F79EFBC}") = "24HrChallenge.Data", "24HrChallenge.Data\24HrChallenge.Data.csproj", "{88BFCCB7-3925-4409-A3AE-EC39378D7877}"
EndProject
Project("{FAE04EC0-301F-11D3-BF4B-00C04F79EFBC}") = "24HrChallenge.Models", "24HrChallenge.Models\24HrChallenge.Models.csproj", "{64EDEDD2-B15A-455B-A178-0A4BB3B1104E}"
EndProject
Global
	GlobalSection(SolutionConfigurationPlatforms) = preSolution
		Debug|Any CPU = Debug|Any CPU
		Release|Any CPU = Release|Any CPU
	EndGlobalSection
	GlobalSection(ProjectConfigurationPlatforms) = postSolution
		{D3D1E939-BE0E-4C3B-89E5-F911112DC55D}.Debug|Any CPU.ActiveCfg = Debug|Any CPU
		{D3D1E939-BE0E-4C3B-89E5-F911112DC55D}.Debug|Any CPU.Build.0 = Debug|Any CPU
		{D3D1E939-BE0E-4C3B-89E5-F911112DC55D}.Release|Any CPU.ActiveCfg = Release|Any CPU
		{D3D1E939-BE0E-4C3B-89E5-F911112DC55D}.Release|Any CPU.Build.0 = Release|Any CPU
		{42FC3F60-11EF-4EAE-8DE5-15246600CADD}.Debug|Any CPU.ActiveCfg = Debug|Any CPU
		{42FC3F60-11EF-4EAE-8DE5-15246600CADD}.Debug|Any CPU.Build.0 = Debug|Any CPU
		{42FC3F60-11EF-4EAE-8DE5-15246600CADD}.Release|Any CPU.ActiveCfg = Release|Any CPU
		{42FC3F60-11EF-4EAE-8DE5-15246600CADD}.Release|Any CPU.Build.0 = Release|Any CPU
		{88BFCCB7-3925-4409-A3AE-EC39378D7877}.Debug|Any CPU.ActiveCfg = Debug|Any CPU
		{88BFCCB7-3925-4409-A3AE-EC39378D7877}.Debug|Any CPU.Build.0 = Debug|Any CPU
		{88BFCCB7-3925-4409-A3AE-EC39378D7877}.Release|Any CPU.ActiveCfg = Release|Any CPU
		{88BFCCB7-3925-4409-A3AE-EC39378D7877}.Release|Any CPU.Build.0 = Release|Any CPU
		{64EDEDD2-B15A-455B-A178-0A4BB3B1104E}.Debug|Any CPU.ActiveCfg = Debug|Any CPU
		{64EDEDD2-B15A-455B-A178-0A4BB3B1104E}.Debug|Any CPU.Build.0 = Debug|Any CPU
		{64EDEDD2-B15A-455B-A178-0A4BB3B1104E}.Release|Any CPU.ActiveCfg = Release|Any CPU
		{64EDEDD2-B15A-455B-A178-0A4BB3B1104E}.Release|Any CPU.Build.0 = Release|Any CPU
	EndGlobalSection
	GlobalSection(SolutionProperties) = preSolution
		HideSolutionNode = FALSE
	EndGlobalSection
	GlobalSection(ExtensibilityGlobals) = postSolution
		SolutionGuid = {BD705EB0-AB70-4762-9690-B56626A77E50}
	EndGlobalSection
EndGlobal
